
Microsoft Visual Studio Solution File, Format Version 12.00
# Visual Studio Version 16
VisualStudioVersion = 16.0.30717.126
MinimumVisualStudioVersion = 10.0.40219.1
Project("{FAE04EC0-301F-11D3-BF4B-00C04F79EFBC}") = "CalculaPorcentaje", "CalculaPorcentaje\CalculaPorcentaje.csproj", "{42AAE59E-0868-428C-9FD9-ADED04CF72F7}"
EndProject
Global
	GlobalSection(SolutionConfigurationPlatforms) = preSolution
		Debug|Any CPU = Debug|Any CPU
		Release|Any CPU = Release|Any CPU
	EndGlobalSection
	GlobalSection(ProjectConfigurationPlatforms) = postSolution
		{42AAE59E-0868-428C-9FD9-ADED04CF72F7}.Debug|Any CPU.ActiveCfg = Debug|Any CPU
		{42AAE59E-0868-428C-9FD9-ADED04CF72F7}.Debug|Any CPU.Build.0 = Debug|Any CPU
		{42AAE59E-0868-428C-9FD9-ADED04CF72F7}.Release|Any CPU.ActiveCfg = Release|Any CPU
		{42AAE59E-0868-428C-9FD9-ADED04CF72F7}.Release|Any CPU.Build.0 = Release|Any CPU
	EndGlobalSection
	GlobalSection(SolutionProperties) = preSolution
		HideSolutionNode = FALSE
	EndGlobalSection
	GlobalSection(ExtensibilityGlobals) = postSolution
		SolutionGuid = {F8986BEE-006F-4F76-8059-1E9F59371FFB}
	EndGlobalSection
EndGlobal
